
Microsoft Visual Studio Solution File, Format Version 12.00
# Visual Studio Version 16
VisualStudioVersion = 16.0.29519.181
MinimumVisualStudioVersion = 10.0.40219.1
Project("{FAE04EC0-301F-11D3-BF4B-00C04F79EFBC}") = "CsvParser", "CsvParser\CsvParser.csproj", "{57E6AB9C-35F4-4434-AFD7-C118968F84CC}"
EndProject
Project("{FAE04EC0-301F-11D3-BF4B-00C04F79EFBC}") = "UnitTest", "UnitTest\UnitTest.csproj", "{C83AD64F-67F4-48D4-8A0A-7D204BC95B95}"
EndProject
Project("{FAE04EC0-301F-11D3-BF4B-00C04F79EFBC}") = "CsvParserClsLib", "CsvParserClsLib\CsvParserClsLib.csproj", "{8A902BB2-4242-4DB9-BA31-B7F12C4848F2}"
EndProject
Global
	GlobalSection(SolutionConfigurationPlatforms) = preSolution
		Debug|Any CPU = Debug|Any CPU
		Release|Any CPU = Release|Any CPU
	EndGlobalSection
	GlobalSection(ProjectConfigurationPlatforms) = postSolution
		{57E6AB9C-35F4-4434-AFD7-C118968F84CC}.Debug|Any CPU.ActiveCfg = Debug|Any CPU
		{57E6AB9C-35F4-4434-AFD7-C118968F84CC}.Debug|Any CPU.Build.0 = Debug|Any CPU
		{57E6AB9C-35F4-4434-AFD7-C118968F84CC}.Release|Any CPU.ActiveCfg = Release|Any CPU
		{57E6AB9C-35F4-4434-AFD7-C118968F84CC}.Release|Any CPU.Build.0 = Release|Any CPU
		{C83AD64F-67F4-48D4-8A0A-7D204BC95B95}.Debug|Any CPU.ActiveCfg = Debug|Any CPU
		{C83AD64F-67F4-48D4-8A0A-7D204BC95B95}.Debug|Any CPU.Build.0 = Debug|Any CPU
		{C83AD64F-67F4-48D4-8A0A-7D204BC95B95}.Release|Any CPU.ActiveCfg = Release|Any CPU
		{C83AD64F-67F4-48D4-8A0A-7D204BC95B95}.Release|Any CPU.Build.0 = Release|Any CPU
		{8A902BB2-4242-4DB9-BA31-B7F12C4848F2}.Debug|Any CPU.ActiveCfg = Debug|Any CPU
		{8A902BB2-4242-4DB9-BA31-B7F12C4848F2}.Debug|Any CPU.Build.0 = Debug|Any CPU
		{8A902BB2-4242-4DB9-BA31-B7F12C4848F2}.Release|Any CPU.ActiveCfg = Release|Any CPU
		{8A902BB2-4242-4DB9-BA31-B7F12C4848F2}.Release|Any CPU.Build.0 = Release|Any CPU
	EndGlobalSection
	GlobalSection(SolutionProperties) = preSolution
		HideSolutionNode = FALSE
	EndGlobalSection
	GlobalSection(ExtensibilityGlobals) = postSolution
		SolutionGuid = {19897399-56DA-470E-833E-23C0C8496B10}
	EndGlobalSection
EndGlobal
